# This file was autogenerated by Stack.
# You should not edit this file by hand.
# For more information, please see the documentation at:
#   https://docs.haskellstack.org/en/stable/topics/lock_files

packages:
- completed:
    hackage: xml-conduit-1.10.0.0@sha256:29fa134ed3f2b20bf3026de5116ef30cc14fab61b2d7c8efe261ba7ed217c1a9,3058
    pantry-tree:
      sha256: 277c9245044375e144ea3ce9d2d93366058520941a113819a01b292b7fa6e8ab
      size: 914
  original:
    hackage: xml-conduit-1.10.0.0@sha256:29fa134ed3f2b20bf3026de5116ef30cc14fab61b2d7c8efe261ba7ed217c1a9,3058
snapshots:
- completed:
    sha256: 7e724f347d5969cb5e8dde9f9aae30996e3231c29d1dafd45f21f1700d4c4fcb
    size: 684460
    url: https://raw.githubusercontent.com/commercialhaskell/stackage-snapshots/master/lts/23/28.yaml
  original:
    url: https://raw.githubusercontent.com/commercialhaskell/stackage-snapshots/master/lts/23/28.yaml
